
Microsoft Visual Studio Solution File, Format Version 11.00
# Visual C# Express 2010
Project("{FAE04EC0-301F-11D3-BF4B-00C04F79EFBC}") = "dbus-sharp", "src\dbus-sharp.csproj", "{09A0200F-F3AF-4BD6-9EC4-E7D80D273E4C}"
EndProject
Project("{FAE04EC0-301F-11D3-BF4B-00C04F79EFBC}") = "dbus-monitor", "tools\dbus-monitor.csproj", "{736160C3-844E-43D9-8106-E492D74D92CD}"
EndProject
Project("{FAE04EC0-301F-11D3-BF4B-00C04F79EFBC}") = "dbus-daemon", "src\dbus-daemon.csproj", "{41918B94-6DAD-4C05-9FDF-17D51EC85AF0}"
EndProject
Project("{FAE04EC0-301F-11D3-BF4B-00C04F79EFBC}") = "dbus-sharp-tests", "tests\dbus-sharp-tests.csproj", "{40AB91F9-BA2F-4C02-99F5-1F299CDBE86D}"
EndProject
Project("{FAE04EC0-301F-11D3-BF4B-00C04F79EFBC}") = "Workrave", "examples\Workrave.csproj", "{7928CBEF-4C71-4B72-8B10-C051FDF40FAE}"
EndProject
Global
	GlobalSection(SolutionConfigurationPlatforms) = preSolution
		Debug|Any CPU = Debug|Any CPU
		Debug|Mixed Platforms = Debug|Mixed Platforms
		Debug|x86 = Debug|x86
		Release|Any CPU = Release|Any CPU
		Release|Mixed Platforms = Release|Mixed Platforms
		Release|x86 = Release|x86
	EndGlobalSection
	GlobalSection(ProjectConfigurationPlatforms) = postSolution
		{09A0200F-F3AF-4BD6-9EC4-E7D80D273E4C}.Debug|Any CPU.ActiveCfg = Debug|Any CPU
		{09A0200F-F3AF-4BD6-9EC4-E7D80D273E4C}.Debug|Any CPU.Build.0 = Debug|Any CPU
		{09A0200F-F3AF-4BD6-9EC4-E7D80D273E4C}.Debug|Mixed Platforms.ActiveCfg = Debug|Any CPU
		{09A0200F-F3AF-4BD6-9EC4-E7D80D273E4C}.Debug|Mixed Platforms.Build.0 = Debug|Any CPU
		{09A0200F-F3AF-4BD6-9EC4-E7D80D273E4C}.Debug|x86.ActiveCfg = Debug|Any CPU
		{09A0200F-F3AF-4BD6-9EC4-E7D80D273E4C}.Release|Any CPU.ActiveCfg = Release|Any CPU
		{09A0200F-F3AF-4BD6-9EC4-E7D80D273E4C}.Release|Any CPU.Build.0 = Release|Any CPU
		{09A0200F-F3AF-4BD6-9EC4-E7D80D273E4C}.Release|Mixed Platforms.ActiveCfg = Release|Any CPU
		{09A0200F-F3AF-4BD6-9EC4-E7D80D273E4C}.Release|Mixed Platforms.Build.0 = Release|Any CPU
		{09A0200F-F3AF-4BD6-9EC4-E7D80D273E4C}.Release|x86.ActiveCfg = Release|Any CPU
		{736160C3-844E-43D9-8106-E492D74D92CD}.Debug|Any CPU.ActiveCfg = Debug|Any CPU
		{736160C3-844E-43D9-8106-E492D74D92CD}.Debug|Any CPU.Build.0 = Debug|Any CPU
		{736160C3-844E-43D9-8106-E492D74D92CD}.Debug|Mixed Platforms.ActiveCfg = Debug|Any CPU
		{736160C3-844E-43D9-8106-E492D74D92CD}.Debug|Mixed Platforms.Build.0 = Debug|Any CPU
		{736160C3-844E-43D9-8106-E492D74D92CD}.Debug|x86.ActiveCfg = Debug|Any CPU
		{736160C3-844E-43D9-8106-E492D74D92CD}.Release|Any CPU.ActiveCfg = Release|Any CPU
		{736160C3-844E-43D9-8106-E492D74D92CD}.Release|Any CPU.Build.0 = Release|Any CPU
		{736160C3-844E-43D9-8106-E492D74D92CD}.Release|Mixed Platforms.ActiveCfg = Release|Any CPU
		{736160C3-844E-43D9-8106-E492D74D92CD}.Release|Mixed Platforms.Build.0 = Release|Any CPU
		{736160C3-844E-43D9-8106-E492D74D92CD}.Release|x86.ActiveCfg = Release|Any CPU
		{41918B94-6DAD-4C05-9FDF-17D51EC85AF0}.Debug|Any CPU.ActiveCfg = Debug|Any CPU
		{41918B94-6DAD-4C05-9FDF-17D51EC85AF0}.Debug|Any CPU.Build.0 = Debug|Any CPU
		{41918B94-6DAD-4C05-9FDF-17D51EC85AF0}.Debug|Mixed Platforms.ActiveCfg = Debug|Any CPU
		{41918B94-6DAD-4C05-9FDF-17D51EC85AF0}.Debug|Mixed Platforms.Build.0 = Debug|Any CPU
		{41918B94-6DAD-4C05-9FDF-17D51EC85AF0}.Debug|x86.ActiveCfg = Debug|Any CPU
		{41918B94-6DAD-4C05-9FDF-17D51EC85AF0}.Release|Any CPU.ActiveCfg = Release|Any CPU
		{41918B94-6DAD-4C05-9FDF-17D51EC85AF0}.Release|Any CPU.Build.0 = Release|Any CPU
		{41918B94-6DAD-4C05-9FDF-17D51EC85AF0}.Release|Mixed Platforms.ActiveCfg = Release|Any CPU
		{41918B94-6DAD-4C05-9FDF-17D51EC85AF0}.Release|Mixed Platforms.Build.0 = Release|Any CPU
		{41918B94-6DAD-4C05-9FDF-17D51EC85AF0}.Release|x86.ActiveCfg = Release|Any CPU
		{40AB91F9-BA2F-4C02-99F5-1F299CDBE86D}.Debug|Any CPU.ActiveCfg = Debug|Any CPU
		{40AB91F9-BA2F-4C02-99F5-1F299CDBE86D}.Debug|Any CPU.Build.0 = Debug|Any CPU
		{40AB91F9-BA2F-4C02-99F5-1F299CDBE86D}.Debug|Mixed Platforms.ActiveCfg = Debug|Any CPU
		{40AB91F9-BA2F-4C02-99F5-1F299CDBE86D}.Debug|Mixed Platforms.Build.0 = Debug|Any CPU
		{40AB91F9-BA2F-4C02-99F5-1F299CDBE86D}.Debug|x86.ActiveCfg = Debug|Any CPU
		{40AB91F9-BA2F-4C02-99F5-1F299CDBE86D}.Release|Any CPU.ActiveCfg = Release|Any CPU
		{40AB91F9-BA2F-4C02-99F5-1F299CDBE86D}.Release|Any CPU.Build.0 = Release|Any CPU
		{40AB91F9-BA2F-4C02-99F5-1F299CDBE86D}.Release|Mixed Platforms.ActiveCfg = Release|Any CPU
		{40AB91F9-BA2F-4C02-99F5-1F299CDBE86D}.Release|Mixed Platforms.Build.0 = Release|Any CPU
		{40AB91F9-BA2F-4C02-99F5-1F299CDBE86D}.Release|x86.ActiveCfg = Release|Any CPU
		{7928CBEF-4C71-4B72-8B10-C051FDF40FAE}.Debug|Any CPU.ActiveCfg = Debug|x86
		{7928CBEF-4C71-4B72-8B10-C051FDF40FAE}.Debug|Mixed Platforms.ActiveCfg = Debug|x86
		{7928CBEF-4C71-4B72-8B10-C051FDF40FAE}.Debug|Mixed Platforms.Build.0 = Debug|x86
		{7928CBEF-4C71-4B72-8B10-C051FDF40FAE}.Debug|x86.ActiveCfg = Debug|x86
		{7928CBEF-4C71-4B72-8B10-C051FDF40FAE}.Debug|x86.Build.0 = Debug|x86
		{7928CBEF-4C71-4B72-8B10-C051FDF40FAE}.Release|Any CPU.ActiveCfg = Release|x86
		{7928CBEF-4C71-4B72-8B10-C051FDF40FAE}.Release|Mixed Platforms.ActiveCfg = Release|x86
		{7928CBEF-4C71-4B72-8B10-C051FDF40FAE}.Release|Mixed Platforms.Build.0 = Release|x86
		{7928CBEF-4C71-4B72-8B10-C051FDF40FAE}.Release|x86.ActiveCfg = Release|x86
		{7928CBEF-4C71-4B72-8B10-C051FDF40FAE}.Release|x86.Build.0 = Release|x86
	EndGlobalSection
	GlobalSection(SolutionProperties) = preSolution
		HideSolutionNode = FALSE
	EndGlobalSection
	GlobalSection(MonoDevelopProperties) = preSolution
		StartupItem = src\dbus-sharp.csproj
	EndGlobalSection
EndGlobal
